
Microsoft Visual Studio Solution File, Format Version 12.00
# Visual Studio Version 16
VisualStudioVersion = 16.0.29230.61
MinimumVisualStudioVersion = 10.0.40219.1
Project("{9A19103F-16F7-4668-BE54-9A1E7A4F7556}") = "ShowMustNotGoOn", "ShowMustNotGoOn\ShowMustNotGoOn.csproj", "{B72748B5-5A00-47F9-BFB1-7E6977B0ABE7}"
EndProject
Project("{9A19103F-16F7-4668-BE54-9A1E7A4F7556}") = "Telegrom.TelegramService", "Telegrom.TelegramService\Telegrom.TelegramService.csproj", "{55BEFE0B-A20D-47B0-ACD1-BE239061E4F1}"
EndProject
Project("{9A19103F-16F7-4668-BE54-9A1E7A4F7556}") = "Telegrom.Database", "Telegrom.Database\Telegrom.Database.csproj", "{632899AB-58E8-464A-9E8A-02CAB8A192B3}"
EndProject
Project("{9A19103F-16F7-4668-BE54-9A1E7A4F7556}") = "ShowMustNotGoOn.MyShowsService", "ShowMustNotGoOn.MyShowsService\ShowMustNotGoOn.MyShowsService.csproj", "{9BF3EDAC-4AE6-4C06-A228-ED52C6F6F66A}"
EndProject
Project("{9A19103F-16F7-4668-BE54-9A1E7A4F7556}") = "ShowMustNotGoOn.TvShowsService", "ShowMustNotGoOn.TvShowsService\ShowMustNotGoOn.TvShowsService.csproj", "{EA7B8576-111C-4111-AB38-94C7499D4BE9}"
EndProject
Project("{9A19103F-16F7-4668-BE54-9A1E7A4F7556}") = "Telegrom.StateMachine", "Telegrom.StateMachine\Telegrom.StateMachine.csproj", "{CCC945E6-A5B7-44CD-A1FC-4FF6C06058B5}"
EndProject
Project("{9A19103F-16F7-4668-BE54-9A1E7A4F7556}") = "Telegrom.Core", "Telegrom.Core\Telegrom.Core.csproj", "{C11E9A50-339F-4404-AEAF-1D1A51CCC83D}"
EndProject
Project("{FAE04EC0-301F-11D3-BF4B-00C04F79EFBC}") = "ShowMustNotGoOn.Core", "ShowMustNotGoOn.Core\ShowMustNotGoOn.Core.csproj", "{EDDE0755-6473-4244-86FA-1BA503346F26}"
EndProject
Global
	GlobalSection(SolutionConfigurationPlatforms) = preSolution
		Debug|Any CPU = Debug|Any CPU
		Release|Any CPU = Release|Any CPU
	EndGlobalSection
	GlobalSection(ProjectConfigurationPlatforms) = postSolution
		{B72748B5-5A00-47F9-BFB1-7E6977B0ABE7}.Debug|Any CPU.ActiveCfg = Debug|Any CPU
		{B72748B5-5A00-47F9-BFB1-7E6977B0ABE7}.Debug|Any CPU.Build.0 = Debug|Any CPU
		{B72748B5-5A00-47F9-BFB1-7E6977B0ABE7}.Release|Any CPU.ActiveCfg = Release|Any CPU
		{B72748B5-5A00-47F9-BFB1-7E6977B0ABE7}.Release|Any CPU.Build.0 = Release|Any CPU
		{55BEFE0B-A20D-47B0-ACD1-BE239061E4F1}.Debug|Any CPU.ActiveCfg = Debug|Any CPU
		{55BEFE0B-A20D-47B0-ACD1-BE239061E4F1}.Debug|Any CPU.Build.0 = Debug|Any CPU
		{55BEFE0B-A20D-47B0-ACD1-BE239061E4F1}.Release|Any CPU.ActiveCfg = Release|Any CPU
		{55BEFE0B-A20D-47B0-ACD1-BE239061E4F1}.Release|Any CPU.Build.0 = Release|Any CPU
		{632899AB-58E8-464A-9E8A-02CAB8A192B3}.Debug|Any CPU.ActiveCfg = Debug|Any CPU
		{632899AB-58E8-464A-9E8A-02CAB8A192B3}.Debug|Any CPU.Build.0 = Debug|Any CPU
		{632899AB-58E8-464A-9E8A-02CAB8A192B3}.Release|Any CPU.ActiveCfg = Release|Any CPU
		{632899AB-58E8-464A-9E8A-02CAB8A192B3}.Release|Any CPU.Build.0 = Release|Any CPU
		{9BF3EDAC-4AE6-4C06-A228-ED52C6F6F66A}.Debug|Any CPU.ActiveCfg = Debug|Any CPU
		{9BF3EDAC-4AE6-4C06-A228-ED52C6F6F66A}.Debug|Any CPU.Build.0 = Debug|Any CPU
		{9BF3EDAC-4AE6-4C06-A228-ED52C6F6F66A}.Release|Any CPU.ActiveCfg = Release|Any CPU
		{9BF3EDAC-4AE6-4C06-A228-ED52C6F6F66A}.Release|Any CPU.Build.0 = Release|Any CPU
		{EA7B8576-111C-4111-AB38-94C7499D4BE9}.Debug|Any CPU.ActiveCfg = Debug|Any CPU
		{EA7B8576-111C-4111-AB38-94C7499D4BE9}.Debug|Any CPU.Build.0 = Debug|Any CPU
		{EA7B8576-111C-4111-AB38-94C7499D4BE9}.Release|Any CPU.ActiveCfg = Release|Any CPU
		{EA7B8576-111C-4111-AB38-94C7499D4BE9}.Release|Any CPU.Build.0 = Release|Any CPU
		{CCC945E6-A5B7-44CD-A1FC-4FF6C06058B5}.Debug|Any CPU.ActiveCfg = Debug|Any CPU
		{CCC945E6-A5B7-44CD-A1FC-4FF6C06058B5}.Debug|Any CPU.Build.0 = Debug|Any CPU
		{CCC945E6-A5B7-44CD-A1FC-4FF6C06058B5}.Release|Any CPU.ActiveCfg = Release|Any CPU
		{CCC945E6-A5B7-44CD-A1FC-4FF6C06058B5}.Release|Any CPU.Build.0 = Release|Any CPU
		{C11E9A50-339F-4404-AEAF-1D1A51CCC83D}.Debug|Any CPU.ActiveCfg = Debug|Any CPU
		{C11E9A50-339F-4404-AEAF-1D1A51CCC83D}.Debug|Any CPU.Build.0 = Debug|Any CPU
		{C11E9A50-339F-4404-AEAF-1D1A51CCC83D}.Release|Any CPU.ActiveCfg = Release|Any CPU
		{C11E9A50-339F-4404-AEAF-1D1A51CCC83D}.Release|Any CPU.Build.0 = Release|Any CPU
		{EDDE0755-6473-4244-86FA-1BA503346F26}.Debug|Any CPU.ActiveCfg = Debug|Any CPU
		{EDDE0755-6473-4244-86FA-1BA503346F26}.Debug|Any CPU.Build.0 = Debug|Any CPU
		{EDDE0755-6473-4244-86FA-1BA503346F26}.Release|Any CPU.ActiveCfg = Release|Any CPU
		{EDDE0755-6473-4244-86FA-1BA503346F26}.Release|Any CPU.Build.0 = Release|Any CPU
	EndGlobalSection
	GlobalSection(SolutionProperties) = preSolution
		HideSolutionNode = FALSE
	EndGlobalSection
	GlobalSection(ExtensibilityGlobals) = postSolution
		SolutionGuid = {1FBF6F32-4623-4EAE-BF11-87A8E3F0B85B}
	EndGlobalSection
EndGlobal
