
Microsoft Visual Studio Solution File, Format Version 12.00
# Visual Studio Version 16
VisualStudioVersion = 16.0.29230.61
MinimumVisualStudioVersion = 10.0.40219.1
Project("{9A19103F-16F7-4668-BE54-9A1E7A4F7556}") = "ShowMustNotGoOn", "ShowMustNotGoOn\ShowMustNotGoOn.csproj", "{B72748B5-5A00-47F9-BFB1-7E6977B0ABE7}"
EndProject
Project("{9A19103F-16F7-4668-BE54-9A1E7A4F7556}") = "ShowMustNotGoOn.Core", "ShoMustNotGoOn.Core\ShowMustNotGoOn.Core.csproj", "{020C5387-289F-4A30-B2DB-84CF723FD042}"
EndProject
Project("{9A19103F-16F7-4668-BE54-9A1E7A4F7556}") = "MyShowsRepository", "MyShowsRepository\MyShowsRepository.csproj", "{BE1DB38B-EAD7-4937-8EFF-3D1FDBEF6A75}"
EndProject
Project("{FAE04EC0-301F-11D3-BF4B-00C04F79EFBC}") = "DbRepository", "DbRepository\DbRepository.csproj", "{B67C3F8D-4664-490F-B983-C4DD88E95B75}"
EndProject
Global
	GlobalSection(SolutionConfigurationPlatforms) = preSolution
		Debug|Any CPU = Debug|Any CPU
		Release|Any CPU = Release|Any CPU
	EndGlobalSection
	GlobalSection(ProjectConfigurationPlatforms) = postSolution
		{B72748B5-5A00-47F9-BFB1-7E6977B0ABE7}.Debug|Any CPU.ActiveCfg = Debug|Any CPU
		{B72748B5-5A00-47F9-BFB1-7E6977B0ABE7}.Debug|Any CPU.Build.0 = Debug|Any CPU
		{B72748B5-5A00-47F9-BFB1-7E6977B0ABE7}.Release|Any CPU.ActiveCfg = Release|Any CPU
		{B72748B5-5A00-47F9-BFB1-7E6977B0ABE7}.Release|Any CPU.Build.0 = Release|Any CPU
		{020C5387-289F-4A30-B2DB-84CF723FD042}.Debug|Any CPU.ActiveCfg = Debug|Any CPU
		{020C5387-289F-4A30-B2DB-84CF723FD042}.Debug|Any CPU.Build.0 = Debug|Any CPU
		{020C5387-289F-4A30-B2DB-84CF723FD042}.Release|Any CPU.ActiveCfg = Release|Any CPU
		{020C5387-289F-4A30-B2DB-84CF723FD042}.Release|Any CPU.Build.0 = Release|Any CPU
		{BE1DB38B-EAD7-4937-8EFF-3D1FDBEF6A75}.Debug|Any CPU.ActiveCfg = Debug|Any CPU
		{BE1DB38B-EAD7-4937-8EFF-3D1FDBEF6A75}.Debug|Any CPU.Build.0 = Debug|Any CPU
		{BE1DB38B-EAD7-4937-8EFF-3D1FDBEF6A75}.Release|Any CPU.ActiveCfg = Release|Any CPU
		{BE1DB38B-EAD7-4937-8EFF-3D1FDBEF6A75}.Release|Any CPU.Build.0 = Release|Any CPU
		{B67C3F8D-4664-490F-B983-C4DD88E95B75}.Debug|Any CPU.ActiveCfg = Debug|Any CPU
		{B67C3F8D-4664-490F-B983-C4DD88E95B75}.Debug|Any CPU.Build.0 = Debug|Any CPU
		{B67C3F8D-4664-490F-B983-C4DD88E95B75}.Release|Any CPU.ActiveCfg = Release|Any CPU
		{B67C3F8D-4664-490F-B983-C4DD88E95B75}.Release|Any CPU.Build.0 = Release|Any CPU
	EndGlobalSection
	GlobalSection(SolutionProperties) = preSolution
		HideSolutionNode = FALSE
	EndGlobalSection
	GlobalSection(ExtensibilityGlobals) = postSolution
		SolutionGuid = {1FBF6F32-4623-4EAE-BF11-87A8E3F0B85B}
	EndGlobalSection
EndGlobal
