
Microsoft Visual Studio Solution File, Format Version 12.00
# Visual Studio Version 16
VisualStudioVersion = 16.0.29230.61
MinimumVisualStudioVersion = 10.0.40219.1
Project("{9A19103F-16F7-4668-BE54-9A1E7A4F7556}") = "Telegrom.TelegramService", "Telegrom.TelegramService\Telegrom.TelegramService.csproj", "{55BEFE0B-A20D-47B0-ACD1-BE239061E4F1}"
EndProject
Project("{9A19103F-16F7-4668-BE54-9A1E7A4F7556}") = "Telegrom.Database", "Telegrom.Database\Telegrom.Database.csproj", "{632899AB-58E8-464A-9E8A-02CAB8A192B3}"
EndProject
Project("{9A19103F-16F7-4668-BE54-9A1E7A4F7556}") = "Telegrom.StateMachine", "Telegrom.StateMachine\Telegrom.StateMachine.csproj", "{CCC945E6-A5B7-44CD-A1FC-4FF6C06058B5}"
EndProject
Project("{9A19103F-16F7-4668-BE54-9A1E7A4F7556}") = "Telegrom.Core", "Telegrom.Core\Telegrom.Core.csproj", "{C11E9A50-339F-4404-AEAF-1D1A51CCC83D}"
EndProject
Project("{9A19103F-16F7-4668-BE54-9A1E7A4F7556}") = "Telegrom", "Telegrom\Telegrom.csproj", "{99FD1511-5132-4359-A151-C508A4EF828A}"
EndProject
Project("{9A19103F-16F7-4668-BE54-9A1E7A4F7556}") = "Telegrom.Database.Sqlite", "Telegrom.Database.Sqlite\Telegrom.Database.Sqlite.csproj", "{9EEC65C6-AC69-4D50-9D1B-303A5ED5403E}"
EndProject
Project("{9A19103F-16F7-4668-BE54-9A1E7A4F7556}") = "Telegrom.Database.InMemory", "Telegrom.Database.InMemory\Telegrom.Database.InMemory.csproj", "{D31A49A1-BBE7-4626-9C18-4F9CD98C7329}"
EndProject
Project("{FAE04EC0-301F-11D3-BF4B-00C04F79EFBC}") = "Telegrom.Database.SqlServer", "Telegrom.Database.SqlServer\Telegrom.Database.SqlServer.csproj", "{818D6916-D596-4517-ADA2-BEADFBC585D5}"
EndProject
Global
	GlobalSection(SolutionConfigurationPlatforms) = preSolution
		Debug|Any CPU = Debug|Any CPU
		Release|Any CPU = Release|Any CPU
	EndGlobalSection
	GlobalSection(ProjectConfigurationPlatforms) = postSolution
		{55BEFE0B-A20D-47B0-ACD1-BE239061E4F1}.Debug|Any CPU.ActiveCfg = Debug|Any CPU
		{55BEFE0B-A20D-47B0-ACD1-BE239061E4F1}.Debug|Any CPU.Build.0 = Debug|Any CPU
		{55BEFE0B-A20D-47B0-ACD1-BE239061E4F1}.Release|Any CPU.ActiveCfg = Release|Any CPU
		{55BEFE0B-A20D-47B0-ACD1-BE239061E4F1}.Release|Any CPU.Build.0 = Release|Any CPU
		{632899AB-58E8-464A-9E8A-02CAB8A192B3}.Debug|Any CPU.ActiveCfg = Debug|Any CPU
		{632899AB-58E8-464A-9E8A-02CAB8A192B3}.Debug|Any CPU.Build.0 = Debug|Any CPU
		{632899AB-58E8-464A-9E8A-02CAB8A192B3}.Release|Any CPU.ActiveCfg = Release|Any CPU
		{632899AB-58E8-464A-9E8A-02CAB8A192B3}.Release|Any CPU.Build.0 = Release|Any CPU
		{CCC945E6-A5B7-44CD-A1FC-4FF6C06058B5}.Debug|Any CPU.ActiveCfg = Debug|Any CPU
		{CCC945E6-A5B7-44CD-A1FC-4FF6C06058B5}.Debug|Any CPU.Build.0 = Debug|Any CPU
		{CCC945E6-A5B7-44CD-A1FC-4FF6C06058B5}.Release|Any CPU.ActiveCfg = Release|Any CPU
		{CCC945E6-A5B7-44CD-A1FC-4FF6C06058B5}.Release|Any CPU.Build.0 = Release|Any CPU
		{C11E9A50-339F-4404-AEAF-1D1A51CCC83D}.Debug|Any CPU.ActiveCfg = Debug|Any CPU
		{C11E9A50-339F-4404-AEAF-1D1A51CCC83D}.Debug|Any CPU.Build.0 = Debug|Any CPU
		{C11E9A50-339F-4404-AEAF-1D1A51CCC83D}.Release|Any CPU.ActiveCfg = Release|Any CPU
		{C11E9A50-339F-4404-AEAF-1D1A51CCC83D}.Release|Any CPU.Build.0 = Release|Any CPU
		{99FD1511-5132-4359-A151-C508A4EF828A}.Debug|Any CPU.ActiveCfg = Debug|Any CPU
		{99FD1511-5132-4359-A151-C508A4EF828A}.Debug|Any CPU.Build.0 = Debug|Any CPU
		{99FD1511-5132-4359-A151-C508A4EF828A}.Release|Any CPU.ActiveCfg = Release|Any CPU
		{99FD1511-5132-4359-A151-C508A4EF828A}.Release|Any CPU.Build.0 = Release|Any CPU
		{9EEC65C6-AC69-4D50-9D1B-303A5ED5403E}.Debug|Any CPU.ActiveCfg = Debug|Any CPU
		{9EEC65C6-AC69-4D50-9D1B-303A5ED5403E}.Debug|Any CPU.Build.0 = Debug|Any CPU
		{9EEC65C6-AC69-4D50-9D1B-303A5ED5403E}.Release|Any CPU.ActiveCfg = Release|Any CPU
		{9EEC65C6-AC69-4D50-9D1B-303A5ED5403E}.Release|Any CPU.Build.0 = Release|Any CPU
		{D31A49A1-BBE7-4626-9C18-4F9CD98C7329}.Debug|Any CPU.ActiveCfg = Debug|Any CPU
		{D31A49A1-BBE7-4626-9C18-4F9CD98C7329}.Debug|Any CPU.Build.0 = Debug|Any CPU
		{D31A49A1-BBE7-4626-9C18-4F9CD98C7329}.Release|Any CPU.ActiveCfg = Release|Any CPU
		{D31A49A1-BBE7-4626-9C18-4F9CD98C7329}.Release|Any CPU.Build.0 = Release|Any CPU
		{818D6916-D596-4517-ADA2-BEADFBC585D5}.Debug|Any CPU.ActiveCfg = Debug|Any CPU
		{818D6916-D596-4517-ADA2-BEADFBC585D5}.Debug|Any CPU.Build.0 = Debug|Any CPU
		{818D6916-D596-4517-ADA2-BEADFBC585D5}.Release|Any CPU.ActiveCfg = Release|Any CPU
		{818D6916-D596-4517-ADA2-BEADFBC585D5}.Release|Any CPU.Build.0 = Release|Any CPU
	EndGlobalSection
	GlobalSection(SolutionProperties) = preSolution
		HideSolutionNode = FALSE
	EndGlobalSection
	GlobalSection(ExtensibilityGlobals) = postSolution
		SolutionGuid = {1FBF6F32-4623-4EAE-BF11-87A8E3F0B85B}
	EndGlobalSection
EndGlobal
